// !$*UTF8*$!
{
	archiveVersion = 1;
	classes = {
	};
	objectVersion = 46;
	objects = {

/* Begin PBXBuildFile section */
		043F78F41C0752C400AAA723 /* AccountController.m in Sources */ = {isa = PBXBuildFile; fileRef = 043F78F31C0752C400AAA723 /* AccountController.m */; };
		043F78F71C0752D700AAA723 /* MapViewController.m in Sources */ = {isa = PBXBuildFile; fileRef = 043F78F61C0752D700AAA723 /* MapViewController.m */; };
		043F78FA1C0752E800AAA723 /* ListViewController.m in Sources */ = {isa = PBXBuildFile; fileRef = 043F78F91C0752E800AAA723 /* ListViewController.m */; };
		043F78FD1C0752FB00AAA723 /* Events.m in Sources */ = {isa = PBXBuildFile; fileRef = 043F78FC1C0752FB00AAA723 /* Events.m */; };
		043F79001C07530F00AAA723 /* AccountInfo.m in Sources */ = {isa = PBXBuildFile; fileRef = 043F78FF1C07530F00AAA723 /* AccountInfo.m */; };
		043F79031C07532800AAA723 /* GPS.m in Sources */ = {isa = PBXBuildFile; fileRef = 043F79021C07532800AAA723 /* GPS.m */; };
		04576AF91C0659F5007E552A /* main.m in Sources */ = {isa = PBXBuildFile; fileRef = 04576AF81C0659F5007E552A /* main.m */; };
		04576AFC1C0659F5007E552A /* AppDelegate.m in Sources */ = {isa = PBXBuildFile; fileRef = 04576AFB1C0659F5007E552A /* AppDelegate.m */; };
		04576AFF1C0659F5007E552A /* EventSonic.xcdatamodeld in Sources */ = {isa = PBXBuildFile; fileRef = 04576AFD1C0659F5007E552A /* EventSonic.xcdatamodeld */; };
		04576B021C0659F5007E552A /* ViewController.m in Sources */ = {isa = PBXBuildFile; fileRef = 04576B011C0659F5007E552A /* ViewController.m */; };
		04576B051C0659F5007E552A /* Main.storyboard in Resources */ = {isa = PBXBuildFile; fileRef = 04576B031C0659F5007E552A /* Main.storyboard */; };
		04576B071C0659F5007E552A /* Images.xcassets in Resources */ = {isa = PBXBuildFile; fileRef = 04576B061C0659F5007E552A /* Images.xcassets */; };
		04576B0A1C0659F5007E552A /* LaunchScreen.xib in Resources */ = {isa = PBXBuildFile; fileRef = 04576B081C0659F5007E552A /* LaunchScreen.xib */; };
		04576B161C0659F5007E552A /* EventSonicTests.m in Sources */ = {isa = PBXBuildFile; fileRef = 04576B151C0659F5007E552A /* EventSonicTests.m */; };
		383CF9CF949106A95EB19540 /* libPods.a in Frameworks */ = {isa = PBXBuildFile; fileRef = 148B1E6DAD030168B708B437 /* libPods.a */; };
/* End PBXBuildFile section */

/* Begin PBXContainerItemProxy section */
		04576B101C0659F5007E552A /* PBXContainerItemProxy */ = {
			isa = PBXContainerItemProxy;
			containerPortal = 04576AEB1C0659F5007E552A /* Project object */;
			proxyType = 1;
			remoteGlobalIDString = 04576AF21C0659F5007E552A;
			remoteInfo = EventSonic;
		};
/* End PBXContainerItemProxy section */

/* Begin PBXFileReference section */
		043F78F21C0752C400AAA723 /* AccountController.h */ = {isa = PBXFileReference; fileEncoding = 4; lastKnownFileType = sourcecode.c.h; path = AccountController.h; sourceTree = "<group>"; };
		043F78F31C0752C400AAA723 /* AccountController.m */ = {isa = PBXFileReference; fileEncoding = 4; lastKnownFileType = sourcecode.c.objc; path = AccountController.m; sourceTree = "<group>"; };
		043F78F51C0752D700AAA723 /* MapViewController.h */ = {isa = PBXFileReference; fileEncoding = 4; lastKnownFileType = sourcecode.c.h; path = MapViewController.h; sourceTree = "<group>"; };
		043F78F61C0752D700AAA723 /* MapViewController.m */ = {isa = PBXFileReference; fileEncoding = 4; lastKnownFileType = sourcecode.c.objc; path = MapViewController.m; sourceTree = "<group>"; };
		043F78F81C0752E800AAA723 /* ListViewController.h */ = {isa = PBXFileReference; fileEncoding = 4; lastKnownFileType = sourcecode.c.h; path = ListViewController.h; sourceTree = "<group>"; };
		043F78F91C0752E800AAA723 /* ListViewController.m */ = {isa = PBXFileReference; fileEncoding = 4; lastKnownFileType = sourcecode.c.objc; path = ListViewController.m; sourceTree = "<group>"; };
		043F78FB1C0752FB00AAA723 /* Events.h */ = {isa = PBXFileReference; fileEncoding = 4; lastKnownFileType = sourcecode.c.h; path = Events.h; sourceTree = "<group>"; };
		043F78FC1C0752FB00AAA723 /* Events.m */ = {isa = PBXFileReference; fileEncoding = 4; lastKnownFileType = sourcecode.c.objc; path = Events.m; sourceTree = "<group>"; };
		043F78FE1C07530F00AAA723 /* AccountInfo.h */ = {isa = PBXFileReference; fileEncoding = 4; lastKnownFileType = sourcecode.c.h; path = AccountInfo.h; sourceTree = "<group>"; };
		043F78FF1C07530F00AAA723 /* AccountInfo.m */ = {isa = PBXFileReference; fileEncoding = 4; lastKnownFileType = sourcecode.c.objc; path = AccountInfo.m; sourceTree = "<group>"; };
		043F79011C07532800AAA723 /* GPS.h */ = {isa = PBXFileReference; fileEncoding = 4; lastKnownFileType = sourcecode.c.h; path = GPS.h; sourceTree = "<group>"; };
		043F79021C07532800AAA723 /* GPS.m */ = {isa = PBXFileReference; fileEncoding = 4; lastKnownFileType = sourcecode.c.objc; path = GPS.m; sourceTree = "<group>"; };
		04576AF31C0659F5007E552A /* EventSonic.app */ = {isa = PBXFileReference; explicitFileType = wrapper.application; includeInIndex = 0; path = EventSonic.app; sourceTree = BUILT_PRODUCTS_DIR; };
		04576AF71C0659F5007E552A /* Info.plist */ = {isa = PBXFileReference; lastKnownFileType = text.plist.xml; path = Info.plist; sourceTree = "<group>"; };
		04576AF81C0659F5007E552A /* main.m */ = {isa = PBXFileReference; lastKnownFileType = sourcecode.c.objc; path = main.m; sourceTree = "<group>"; };
		04576AFA1C0659F5007E552A /* AppDelegate.h */ = {isa = PBXFileReference; lastKnownFileType = sourcecode.c.h; path = AppDelegate.h; sourceTree = "<group>"; };
		04576AFB1C0659F5007E552A /* AppDelegate.m */ = {isa = PBXFileReference; lastKnownFileType = sourcecode.c.objc; path = AppDelegate.m; sourceTree = "<group>"; };
		04576AFE1C0659F5007E552A /* EventSonic.xcdatamodel */ = {isa = PBXFileReference; lastKnownFileType = wrapper.xcdatamodel; path = EventSonic.xcdatamodel; sourceTree = "<group>"; };
		04576B001C0659F5007E552A /* ViewController.h */ = {isa = PBXFileReference; lastKnownFileType = sourcecode.c.h; path = ViewController.h; sourceTree = "<group>"; };
		04576B011C0659F5007E552A /* ViewController.m */ = {isa = PBXFileReference; lastKnownFileType = sourcecode.c.objc; path = ViewController.m; sourceTree = "<group>"; };
		04576B041C0659F5007E552A /* Base */ = {isa = PBXFileReference; lastKnownFileType = file.storyboard; name = Base; path = Base.lproj/Main.storyboard; sourceTree = "<group>"; };
		04576B061C0659F5007E552A /* Images.xcassets */ = {isa = PBXFileReference; lastKnownFileType = folder.assetcatalog; path = Images.xcassets; sourceTree = "<group>"; };
		04576B091C0659F5007E552A /* Base */ = {isa = PBXFileReference; lastKnownFileType = file.xib; name = Base; path = Base.lproj/LaunchScreen.xib; sourceTree = "<group>"; };
		04576B0F1C0659F5007E552A /* EventSonicTests.xctest */ = {isa = PBXFileReference; explicitFileType = wrapper.cfbundle; includeInIndex = 0; path = EventSonicTests.xctest; sourceTree = BUILT_PRODUCTS_DIR; };
		04576B141C0659F5007E552A /* Info.plist */ = {isa = PBXFileReference; lastKnownFileType = text.plist.xml; path = Info.plist; sourceTree = "<group>"; };
		04576B151C0659F5007E552A /* EventSonicTests.m */ = {isa = PBXFileReference; lastKnownFileType = sourcecode.c.objc; path = EventSonicTests.m; sourceTree = "<group>"; };
		148B1E6DAD030168B708B437 /* libPods.a */ = {isa = PBXFileReference; explicitFileType = archive.ar; includeInIndex = 0; path = libPods.a; sourceTree = BUILT_PRODUCTS_DIR; };
		B5019AABAF3FB649E4711246 /* Pods.release.xcconfig */ = {isa = PBXFileReference; includeInIndex = 1; lastKnownFileType = text.xcconfig; name = Pods.release.xcconfig; path = "Pods/Target Support Files/Pods/Pods.release.xcconfig"; sourceTree = "<group>"; };
		EA27236A99B79999C4D3D32E /* Pods.debug.xcconfig */ = {isa = PBXFileReference; includeInIndex = 1; lastKnownFileType = text.xcconfig; name = Pods.debug.xcconfig; path = "Pods/Target Support Files/Pods/Pods.debug.xcconfig"; sourceTree = "<group>"; };
/* End PBXFileReference section */

/* Begin PBXFrameworksBuildPhase section */
		04576AF01C0659F5007E552A /* Frameworks */ = {
			isa = PBXFrameworksBuildPhase;
			buildActionMask = 2147483647;
			files = (
				383CF9CF949106A95EB19540 /* libPods.a in Frameworks */,
			);
			runOnlyForDeploymentPostprocessing = 0;
		};
		04576B0C1C0659F5007E552A /* Frameworks */ = {
			isa = PBXFrameworksBuildPhase;
			buildActionMask = 2147483647;
			files = (
			);
			runOnlyForDeploymentPostprocessing = 0;
		};
/* End PBXFrameworksBuildPhase section */

/* Begin PBXGroup section */
		04576AEA1C0659F5007E552A = {
			isa = PBXGroup;
			children = (
				04576AF51C0659F5007E552A /* EventSonic */,
				04576B121C0659F5007E552A /* EventSonicTests */,
				04576AF41C0659F5007E552A /* Products */,
				26C20ABA03B3E856AA167632 /* Pods */,
				D002417953B07BF357554886 /* Frameworks */,
			);
			sourceTree = "<group>";
		};
		04576AF41C0659F5007E552A /* Products */ = {
			isa = PBXGroup;
			children = (
				04576AF31C0659F5007E552A /* EventSonic.app */,
				04576B0F1C0659F5007E552A /* EventSonicTests.xctest */,
			);
			name = Products;
			sourceTree = "<group>";
		};
		04576AF51C0659F5007E552A /* EventSonic */ = {
			isa = PBXGroup;
			children = (
				04576AFA1C0659F5007E552A /* AppDelegate.h */,
				04576AFB1C0659F5007E552A /* AppDelegate.m */,
				04576B001C0659F5007E552A /* ViewController.h */,
				04576B011C0659F5007E552A /* ViewController.m */,
				04576B031C0659F5007E552A /* Main.storyboard */,
				043F78F21C0752C400AAA723 /* AccountController.h */,
				043F78F31C0752C400AAA723 /* AccountController.m */,
				043F78F51C0752D700AAA723 /* MapViewController.h */,
				043F78F61C0752D700AAA723 /* MapViewController.m */,
				043F78F81C0752E800AAA723 /* ListViewController.h */,
				043F78F91C0752E800AAA723 /* ListViewController.m */,
				043F78FB1C0752FB00AAA723 /* Events.h */,
				043F78FC1C0752FB00AAA723 /* Events.m */,
				043F78FE1C07530F00AAA723 /* AccountInfo.h */,
				043F78FF1C07530F00AAA723 /* AccountInfo.m */,
				043F79011C07532800AAA723 /* GPS.h */,
				043F79021C07532800AAA723 /* GPS.m */,
				04576B061C0659F5007E552A /* Images.xcassets */,
				04576B081C0659F5007E552A /* LaunchScreen.xib */,
				04576AFD1C0659F5007E552A /* EventSonic.xcdatamodeld */,
				04576AF61C0659F5007E552A /* Supporting Files */,
			);
			path = EventSonic;
			sourceTree = "<group>";
		};
		04576AF61C0659F5007E552A /* Supporting Files */ = {
			isa = PBXGroup;
			children = (
				04576AF71C0659F5007E552A /* Info.plist */,
				04576AF81C0659F5007E552A /* main.m */,
			);
			name = "Supporting Files";
			sourceTree = "<group>";
		};
		04576B121C0659F5007E552A /* EventSonicTests */ = {
			isa = PBXGroup;
			children = (
				04576B151C0659F5007E552A /* EventSonicTests.m */,
				04576B131C0659F5007E552A /* Supporting Files */,
			);
			path = EventSonicTests;
			sourceTree = "<group>";
		};
		04576B131C0659F5007E552A /* Supporting Files */ = {
			isa = PBXGroup;
			children = (
				04576B141C0659F5007E552A /* Info.plist */,
			);
			name = "Supporting Files";
			sourceTree = "<group>";
		};
		26C20ABA03B3E856AA167632 /* Pods */ = {
			isa = PBXGroup;
			children = (
				EA27236A99B79999C4D3D32E /* Pods.debug.xcconfig */,
				B5019AABAF3FB649E4711246 /* Pods.release.xcconfig */,
			);
			name = Pods;
			sourceTree = "<group>";
		};
		D002417953B07BF357554886 /* Frameworks */ = {
			isa = PBXGroup;
			children = (
				148B1E6DAD030168B708B437 /* libPods.a */,
			);
			name = Frameworks;
			sourceTree = "<group>";
		};
/* End PBXGroup section */

/* Begin PBXNativeTarget section */
		04576AF21C0659F5007E552A /* EventSonic */ = {
			isa = PBXNativeTarget;
			buildConfigurationList = 04576B191C0659F5007E552A /* Build configuration list for PBXNativeTarget "EventSonic" */;
			buildPhases = (
				1AE37C03E7F42C7B7FE1D9AE /* Check Pods Manifest.lock */,
				04576AEF1C0659F5007E552A /* Sources */,
				04576AF01C0659F5007E552A /* Frameworks */,
				04576AF11C0659F5007E552A /* Resources */,
				125AB6177F9551457E274A0A /* Embed Pods Frameworks */,
				A043E57897609D051F855FA7 /* Copy Pods Resources */,
			);
			buildRules = (
			);
			dependencies = (
			);
			name = EventSonic;
			productName = EventSonic;
			productReference = 04576AF31C0659F5007E552A /* EventSonic.app */;
			productType = "com.apple.product-type.application";
		};
		04576B0E1C0659F5007E552A /* EventSonicTests */ = {
			isa = PBXNativeTarget;
			buildConfigurationList = 04576B1C1C0659F5007E552A /* Build configuration list for PBXNativeTarget "EventSonicTests" */;
			buildPhases = (
				04576B0B1C0659F5007E552A /* Sources */,
				04576B0C1C0659F5007E552A /* Frameworks */,
				04576B0D1C0659F5007E552A /* Resources */,
			);
			buildRules = (
			);
			dependencies = (
				04576B111C0659F5007E552A /* PBXTargetDependency */,
			);
			name = EventSonicTests;
			productName = EventSonicTests;
			productReference = 04576B0F1C0659F5007E552A /* EventSonicTests.xctest */;
			productType = "com.apple.product-type.bundle.unit-test";
		};
/* End PBXNativeTarget section */

/* Begin PBXProject section */
		04576AEB1C0659F5007E552A /* Project object */ = {
			isa = PBXProject;
			attributes = {
				LastUpgradeCheck = 0630;
				ORGANIZATIONNAME = "Andres Villa";
				TargetAttributes = {
					04576AF21C0659F5007E552A = {
						CreatedOnToolsVersion = 6.3;
					};
					04576B0E1C0659F5007E552A = {
						CreatedOnToolsVersion = 6.3;
						TestTargetID = 04576AF21C0659F5007E552A;
					};
				};
			};
			buildConfigurationList = 04576AEE1C0659F5007E552A /* Build configuration list for PBXProject "EventSonic" */;
			compatibilityVersion = "Xcode 3.2";
			developmentRegion = English;
			hasScannedForEncodings = 0;
			knownRegions = (
				en,
				Base,
			);
			mainGroup = 04576AEA1C0659F5007E552A;
			productRefGroup = 04576AF41C0659F5007E552A /* Products */;
			projectDirPath = "";
			projectRoot = "";
			targets = (
				04576AF21C0659F5007E552A /* EventSonic */,
				04576B0E1C0659F5007E552A /* EventSonicTests */,
			);
		};
/* End PBXProject section */

/* Begin PBXResourcesBuildPhase section */
		04576AF11C0659F5007E552A /* Resources */ = {
			isa = PBXResourcesBuildPhase;
			buildActionMask = 2147483647;
			files = (
				04576B051C0659F5007E552A /* Main.storyboard in Resources */,
				04576B0A1C0659F5007E552A /* LaunchScreen.xib in Resources */,
				04576B071C0659F5007E552A /* Images.xcassets in Resources */,
			);
			runOnlyForDeploymentPostprocessing = 0;
		};
		04576B0D1C0659F5007E552A /* Resources */ = {
			isa = PBXResourcesBuildPhase;
			buildActionMask = 2147483647;
			files = (
			);
			runOnlyForDeploymentPostprocessing = 0;
		};
/* End PBXResourcesBuildPhase section */

/* Begin PBXShellScriptBuildPhase section */
		125AB6177F9551457E274A0A /* Embed Pods Frameworks */ = {
			isa = PBXShellScriptBuildPhase;
			buildActionMask = 2147483647;
			files = (
			);
			inputPaths = (
			);
			name = "Embed Pods Frameworks";
			outputPaths = (
			);
			runOnlyForDeploymentPostprocessing = 0;
			shellPath = /bin/sh;
			shellScript = "\"${SRCROOT}/Pods/Target Support Files/Pods/Pods-frameworks.sh\"\n";
			showEnvVarsInLog = 0;
		};
		1AE37C03E7F42C7B7FE1D9AE /* Check Pods Manifest.lock */ = {
			isa = PBXShellScriptBuildPhase;
			buildActionMask = 2147483647;
			files = (
			);
			inputPaths = (
			);
			name = "Check Pods Manifest.lock";
			outputPaths = (
			);
			runOnlyForDeploymentPostprocessing = 0;
			shellPath = /bin/sh;
			shellScript = "diff \"${PODS_ROOT}/../Podfile.lock\" \"${PODS_ROOT}/Manifest.lock\" > /dev/null\nif [[ $? != 0 ]] ; then\n    cat << EOM\nerror: The sandbox is not in sync with the Podfile.lock. Run 'pod install' or update your CocoaPods installation.\nEOM\n    exit 1\nfi\n";
			showEnvVarsInLog = 0;
		};
		A043E57897609D051F855FA7 /* Copy Pods Resources */ = {
			isa = PBXShellScriptBuildPhase;
			buildActionMask = 2147483647;
			files = (
			);
			inputPaths = (
			);
			name = "Copy Pods Resources";
			outputPaths = (
			);
			runOnlyForDeploymentPostprocessing = 0;
			shellPath = /bin/sh;
			shellScript = "\"${SRCROOT}/Pods/Target Support Files/Pods/Pods-resources.sh\"\n";
			showEnvVarsInLog = 0;
		};
/* End PBXShellScriptBuildPhase section */

/* Begin PBXSourcesBuildPhase section */
		04576AEF1C0659F5007E552A /* Sources */ = {
			isa = PBXSourcesBuildPhase;
			buildActionMask = 2147483647;
			files = (
				043F78FD1C0752FB00AAA723 /* Events.m in Sources */,
				043F78F41C0752C400AAA723 /* AccountController.m in Sources */,
				043F79031C07532800AAA723 /* GPS.m in Sources */,
				04576AFC1C0659F5007E552A /* AppDelegate.m in Sources */,
				043F78FA1C0752E800AAA723 /* ListViewController.m in Sources */,
				04576AF91C0659F5007E552A /* main.m in Sources */,
				043F78F71C0752D700AAA723 /* MapViewController.m in Sources */,
				04576B021C0659F5007E552A /* ViewController.m in Sources */,
				04576AFF1C0659F5007E552A /* EventSonic.xcdatamodeld in Sources */,
				043F79001C07530F00AAA723 /* AccountInfo.m in Sources */,
			);
			runOnlyForDeploymentPostprocessing = 0;
		};
		04576B0B1C0659F5007E552A /* Sources */ = {
			isa = PBXSourcesBuildPhase;
			buildActionMask = 2147483647;
			files = (
				04576B161C0659F5007E552A /* EventSonicTests.m in Sources */,
			);
			runOnlyForDeploymentPostprocessing = 0;
		};
/* End PBXSourcesBuildPhase section */

/* Begin PBXTargetDependency section */
		04576B111C0659F5007E552A /* PBXTargetDependency */ = {
			isa = PBXTargetDependency;
			target = 04576AF21C0659F5007E552A /* EventSonic */;
			targetProxy = 04576B101C0659F5007E552A /* PBXContainerItemProxy */;
		};
/* End PBXTargetDependency section */

/* Begin PBXVariantGroup section */
		04576B031C0659F5007E552A /* Main.storyboard */ = {
			isa = PBXVariantGroup;
			children = (
				04576B041C0659F5007E552A /* Base */,
			);
			name = Main.storyboard;
			sourceTree = "<group>";
		};
		04576B081C0659F5007E552A /* LaunchScreen.xib */ = {
			isa = PBXVariantGroup;
			children = (
				04576B091C0659F5007E552A /* Base */,
			);
			name = LaunchScreen.xib;
			sourceTree = "<group>";
		};
/* End PBXVariantGroup section */

/* Begin XCBuildConfiguration section */
		04576B171C0659F5007E552A /* Debug */ = {
			isa = XCBuildConfiguration;
			buildSettings = {
				ALWAYS_SEARCH_USER_PATHS = NO;
				CLANG_CXX_LANGUAGE_STANDARD = "gnu++0x";
				CLANG_CXX_LIBRARY = "libc++";
				CLANG_ENABLE_MODULES = YES;
				CLANG_ENABLE_OBJC_ARC = YES;
				CLANG_WARN_BOOL_CONVERSION = YES;
				CLANG_WARN_CONSTANT_CONVERSION = YES;
				CLANG_WARN_DIRECT_OBJC_ISA_USAGE = YES_ERROR;
				CLANG_WARN_EMPTY_BODY = YES;
				CLANG_WARN_ENUM_CONVERSION = YES;
				CLANG_WARN_INT_CONVERSION = YES;
				CLANG_WARN_OBJC_ROOT_CLASS = YES_ERROR;
				CLANG_WARN_UNREACHABLE_CODE = YES;
				CLANG_WARN__DUPLICATE_METHOD_MATCH = YES;
				"CODE_SIGN_IDENTITY[sdk=iphoneos*]" = "iPhone Developer";
				COPY_PHASE_STRIP = NO;
				DEBUG_INFORMATION_FORMAT = "dwarf-with-dsym";
				ENABLE_STRICT_OBJC_MSGSEND = YES;
				GCC_C_LANGUAGE_STANDARD = gnu99;
				GCC_DYNAMIC_NO_PIC = NO;
				GCC_NO_COMMON_BLOCKS = YES;
				GCC_OPTIMIZATION_LEVEL = 0;
				GCC_PREPROCESSOR_DEFINITIONS = (
					"DEBUG=1",
					"$(inherited)",
				);
				GCC_SYMBOLS_PRIVATE_EXTERN = NO;
				GCC_WARN_64_TO_32_BIT_CONVERSION = YES;
				GCC_WARN_ABOUT_RETURN_TYPE = YES_ERROR;
				GCC_WARN_UNDECLARED_SELECTOR = YES;
				GCC_WARN_UNINITIALIZED_AUTOS = YES_AGGRESSIVE;
				GCC_WARN_UNUSED_FUNCTION = YES;
				GCC_WARN_UNUSED_VARIABLE = YES;
				IPHONEOS_DEPLOYMENT_TARGET = 8.3;
				MTL_ENABLE_DEBUG_INFO = YES;
				ONLY_ACTIVE_ARCH = YES;
				SDKROOT = iphoneos;
			};
			name = Debug;
		};
		04576B181C0659F5007E552A /* Release */ = {
			isa = XCBuildConfiguration;
			buildSettings = {
				ALWAYS_SEARCH_USER_PATHS = NO;
				CLANG_CXX_LANGUAGE_STANDARD = "gnu++0x";
				CLANG_CXX_LIBRARY = "libc++";
				CLANG_ENABLE_MODULES = YES;
				CLANG_ENABLE_OBJC_ARC = YES;
				CLANG_WARN_BOOL_CONVERSION = YES;
				CLANG_WARN_CONSTANT_CONVERSION = YES;
				CLANG_WARN_DIRECT_OBJC_ISA_USAGE = YES_ERROR;
				CLANG_WARN_EMPTY_BODY = YES;
				CLANG_WARN_ENUM_CONVERSION = YES;
				CLANG_WARN_INT_CONVERSION = YES;
				CLANG_WARN_OBJC_ROOT_CLASS = YES_ERROR;
				CLANG_WARN_UNREACHABLE_CODE = YES;
				CLANG_WARN__DUPLICATE_METHOD_MATCH = YES;
				"CODE_SIGN_IDENTITY[sdk=iphoneos*]" = "iPhone Developer";
				COPY_PHASE_STRIP = NO;
				DEBUG_INFORMATION_FORMAT = "dwarf-with-dsym";
				ENABLE_NS_ASSERTIONS = NO;
				ENABLE_STRICT_OBJC_MSGSEND = YES;
				GCC_C_LANGUAGE_STANDARD = gnu99;
				GCC_NO_COMMON_BLOCKS = YES;
				GCC_WARN_64_TO_32_BIT_CONVERSION = YES;
				GCC_WARN_ABOUT_RETURN_TYPE = YES_ERROR;
				GCC_WARN_UNDECLARED_SELECTOR = YES;
				GCC_WARN_UNINITIALIZED_AUTOS = YES_AGGRESSIVE;
				GCC_WARN_UNUSED_FUNCTION = YES;
				GCC_WARN_UNUSED_VARIABLE = YES;
				IPHONEOS_DEPLOYMENT_TARGET = 8.3;
				MTL_ENABLE_DEBUG_INFO = NO;
				SDKROOT = iphoneos;
				VALIDATE_PRODUCT = YES;
			};
			name = Release;
		};
		04576B1A1C0659F5007E552A /* Debug */ = {
			isa = XCBuildConfiguration;
			baseConfigurationReference = EA27236A99B79999C4D3D32E /* Pods.debug.xcconfig */;
			buildSettings = {
				ASSETCATALOG_COMPILER_APPICON_NAME = AppIcon;
				INFOPLIST_FILE = EventSonic/Info.plist;
				LD_RUNPATH_SEARCH_PATHS = "$(inherited) @executable_path/Frameworks";
				PRODUCT_NAME = "$(TARGET_NAME)";
			};
			name = Debug;
		};
		04576B1B1C0659F5007E552A /* Release */ = {
			isa = XCBuildConfiguration;
			baseConfigurationReference = B5019AABAF3FB649E4711246 /* Pods.release.xcconfig */;
			buildSettings = {
				ASSETCATALOG_COMPILER_APPICON_NAME = AppIcon;
				INFOPLIST_FILE = EventSonic/Info.plist;
				LD_RUNPATH_SEARCH_PATHS = "$(inherited) @executable_path/Frameworks";
				PRODUCT_NAME = "$(TARGET_NAME)";
			};
			name = Release;
		};
		04576B1D1C0659F5007E552A /* Debug */ = {
			isa = XCBuildConfiguration;
			buildSettings = {
				BUNDLE_LOADER = "$(TEST_HOST)";
				FRAMEWORK_SEARCH_PATHS = (
					"$(SDKROOT)/Developer/Library/Frameworks",
					"$(inherited)",
				);
				GCC_PREPROCESSOR_DEFINITIONS = (
					"DEBUG=1",
					"$(inherited)",
				);
				INFOPLIST_FILE = EventSonicTests/Info.plist;
				LD_RUNPATH_SEARCH_PATHS = "$(inherited) @executable_path/Frameworks @loader_path/Frameworks";
				PRODUCT_NAME = "$(TARGET_NAME)";
				TEST_HOST = "$(BUILT_PRODUCTS_DIR)/EventSonic.app/EventSonic";
			};
			name = Debug;
		};
		04576B1E1C0659F5007E552A /* Release */ = {
			isa = XCBuildConfiguration;
			buildSettings = {
				BUNDLE_LOADER = "$(TEST_HOST)";
				FRAMEWORK_SEARCH_PATHS = (
					"$(SDKROOT)/Developer/Library/Frameworks",
					"$(inherited)",
				);
				INFOPLIST_FILE = EventSonicTests/Info.plist;
				LD_RUNPATH_SEARCH_PATHS = "$(inherited) @executable_path/Frameworks @loader_path/Frameworks";
				PRODUCT_NAME = "$(TARGET_NAME)";
				TEST_HOST = "$(BUILT_PRODUCTS_DIR)/EventSonic.app/EventSonic";
			};
			name = Release;
		};
/* End XCBuildConfiguration section */

/* Begin XCConfigurationList section */
		04576AEE1C0659F5007E552A /* Build configuration list for PBXProject "EventSonic" */ = {
			isa = XCConfigurationList;
			buildConfigurations = (
				04576B171C0659F5007E552A /* Debug */,
				04576B181C0659F5007E552A /* Release */,
			);
			defaultConfigurationIsVisible = 0;
			defaultConfigurationName = Release;
		};
		04576B191C0659F5007E552A /* Build configuration list for PBXNativeTarget "EventSonic" */ = {
			isa = XCConfigurationList;
			buildConfigurations = (
				04576B1A1C0659F5007E552A /* Debug */,
				04576B1B1C0659F5007E552A /* Release */,
			);
			defaultConfigurationIsVisible = 0;
			defaultConfigurationName = Release;
		};
		04576B1C1C0659F5007E552A /* Build configuration list for PBXNativeTarget "EventSonicTests" */ = {
			isa = XCConfigurationList;
			buildConfigurations = (
				04576B1D1C0659F5007E552A /* Debug */,
				04576B1E1C0659F5007E552A /* Release */,
			);
			defaultConfigurationIsVisible = 0;
			defaultConfigurationName = Release;
		};
/* End XCConfigurationList section */

/* Begin XCVersionGroup section */
		04576AFD1C0659F5007E552A /* EventSonic.xcdatamodeld */ = {
			isa = XCVersionGroup;
			children = (
				04576AFE1C0659F5007E552A /* EventSonic.xcdatamodel */,
			);
			currentVersion = 04576AFE1C0659F5007E552A /* EventSonic.xcdatamodel */;
			path = EventSonic.xcdatamodeld;
			sourceTree = "<group>";
			versionGroupType = wrapper.xcdatamodel;
		};
/* End XCVersionGroup section */
	};
	rootObject = 04576AEB1C0659F5007E552A /* Project object */;
}
